// !$*UTF8*$!
{
	archiveVersion = 1;
	classes = {
	};
	objectVersion = 56;
	objects = {

/* Begin PBXBuildFile section */
		E1D0AA3429CDC88100B8A8AD /* LoadingViewController.swift in Sources */ = {isa = PBXBuildFile; fileRef = E1D0AA3329CDC88100B8A8AD /* LoadingViewController.swift */; };
		E1D0AA3A29CDE1C300B8A8AD /* UIViewController+Util.swift in Sources */ = {isa = PBXBuildFile; fileRef = E1D0AA3929CDE1C300B8A8AD /* UIViewController+Util.swift */; };
		E1D0AA3D29CDEE5800B8A8AD /* CategoriesResponseDto.swift in Sources */ = {isa = PBXBuildFile; fileRef = E1D0AA3B29CDEE5800B8A8AD /* CategoriesResponseDto.swift */; };
		E1D0AA3E29CDEE5800B8A8AD /* CategoryDto.swift in Sources */ = {isa = PBXBuildFile; fileRef = E1D0AA3C29CDEE5800B8A8AD /* CategoryDto.swift */; };
		E1D0AA4029CE34B600B8A8AD /* CategoryCell.swift in Sources */ = {isa = PBXBuildFile; fileRef = E1D0AA3F29CE34B600B8A8AD /* CategoryCell.swift */; };
		E1D0AA4229CE3C0100B8A8AD /* CategoryViewController.swift in Sources */ = {isa = PBXBuildFile; fileRef = E1D0AA4129CE3C0100B8A8AD /* CategoryViewController.swift */; };
		E1F9424129C8B5FC0082BA11 /* AppDelegate.swift in Sources */ = {isa = PBXBuildFile; fileRef = E1F9424029C8B5FC0082BA11 /* AppDelegate.swift */; };
		E1F9424329C8B5FC0082BA11 /* SceneDelegate.swift in Sources */ = {isa = PBXBuildFile; fileRef = E1F9424229C8B5FC0082BA11 /* SceneDelegate.swift */; };
		E1F9424529C8B5FC0082BA11 /* MainViewController.swift in Sources */ = {isa = PBXBuildFile; fileRef = E1F9424429C8B5FC0082BA11 /* MainViewController.swift */; };
		E1F9424A29C8B5FF0082BA11 /* Assets.xcassets in Resources */ = {isa = PBXBuildFile; fileRef = E1F9424929C8B5FF0082BA11 /* Assets.xcassets */; };
		E1F9424D29C8B5FF0082BA11 /* LaunchScreen.storyboard in Resources */ = {isa = PBXBuildFile; fileRef = E1F9424B29C8B5FF0082BA11 /* LaunchScreen.storyboard */; };
		E1F9425829C8B6000082BA11 /* TriviaTests.swift in Sources */ = {isa = PBXBuildFile; fileRef = E1F9425729C8B6000082BA11 /* TriviaTests.swift */; };
		E1F9426229C8B6000082BA11 /* TriviaUITests.swift in Sources */ = {isa = PBXBuildFile; fileRef = E1F9426129C8B6000082BA11 /* TriviaUITests.swift */; };
		E1F9426429C8B6000082BA11 /* TriviaUITestsLaunchTests.swift in Sources */ = {isa = PBXBuildFile; fileRef = E1F9426329C8B6000082BA11 /* TriviaUITestsLaunchTests.swift */; };
		E1F9427129C8C6560082BA11 /* QuestionViewController.swift in Sources */ = {isa = PBXBuildFile; fileRef = E1F9427029C8C6560082BA11 /* QuestionViewController.swift */; };
		E1F9427529C8C92D0082BA11 /* AnswerButton.swift in Sources */ = {isa = PBXBuildFile; fileRef = E1F9427429C8C92D0082BA11 /* AnswerButton.swift */; };
		E1F9427729C8D5D60082BA11 /* Constants.swift in Sources */ = {isa = PBXBuildFile; fileRef = E1F9427629C8D5D60082BA11 /* Constants.swift */; };
		E1F9427A29C8EE3A0082BA11 /* Question.swift in Sources */ = {isa = PBXBuildFile; fileRef = E1F9427929C8EE3A0082BA11 /* Question.swift */; };
		E1F9427C29C8EFC60082BA11 /* TriviaSession.swift in Sources */ = {isa = PBXBuildFile; fileRef = E1F9427B29C8EFC60082BA11 /* TriviaSession.swift */; };
		E1F9427E29C8F20A0082BA11 /* CapsuleButton.swift in Sources */ = {isa = PBXBuildFile; fileRef = E1F9427D29C8F20A0082BA11 /* CapsuleButton.swift */; };
		E1F9428029C9E8330082BA11 /* ResultsViewController.swift in Sources */ = {isa = PBXBuildFile; fileRef = E1F9427F29C9E8330082BA11 /* ResultsViewController.swift */; };
		E1F9428329C9F1290082BA11 /* ResultsDetailView.swift in Sources */ = {isa = PBXBuildFile; fileRef = E1F9428229C9F1290082BA11 /* ResultsDetailView.swift */; };
		E1F9428629CA0CA10082BA11 /* UILabel+Util.swift in Sources */ = {isa = PBXBuildFile; fileRef = E1F9428529CA0CA10082BA11 /* UILabel+Util.swift */; };
		E1F9428929CA1EE90082BA11 /* TriviaService.swift in Sources */ = {isa = PBXBuildFile; fileRef = E1F9428829CA1EE90082BA11 /* TriviaService.swift */; };
		E1F9428B29CA25310082BA11 /* QuestionUtil.swift in Sources */ = {isa = PBXBuildFile; fileRef = E1F9428A29CA25310082BA11 /* QuestionUtil.swift */; };
		E1F9428E29CA37CF0082BA11 /* QuestionDto.swift in Sources */ = {isa = PBXBuildFile; fileRef = E1F9428D29CA37CF0082BA11 /* QuestionDto.swift */; };
		E1F9429029CA382C0082BA11 /* QuestionsResponseDto.swift in Sources */ = {isa = PBXBuildFile; fileRef = E1F9428F29CA382C0082BA11 /* QuestionsResponseDto.swift */; };
/* End PBXBuildFile section */

/* Begin PBXContainerItemProxy section */
		E1F9425429C8B6000082BA11 /* PBXContainerItemProxy */ = {
			isa = PBXContainerItemProxy;
			containerPortal = E1F9423529C8B5FC0082BA11 /* Project object */;
			proxyType = 1;
			remoteGlobalIDString = E1F9423C29C8B5FC0082BA11;
			remoteInfo = Trivia;
		};
		E1F9425E29C8B6000082BA11 /* PBXContainerItemProxy */ = {
			isa = PBXContainerItemProxy;
			containerPortal = E1F9423529C8B5FC0082BA11 /* Project object */;
			proxyType = 1;
			remoteGlobalIDString = E1F9423C29C8B5FC0082BA11;
			remoteInfo = Trivia;
		};
/* End PBXContainerItemProxy section */

/* Begin PBXFileReference section */
		E1D0AA3329CDC88100B8A8AD /* LoadingViewController.swift */ = {isa = PBXFileReference; lastKnownFileType = sourcecode.swift; path = LoadingViewController.swift; sourceTree = "<group>"; };
		E1D0AA3929CDE1C300B8A8AD /* UIViewController+Util.swift */ = {isa = PBXFileReference; lastKnownFileType = sourcecode.swift; path = "UIViewController+Util.swift"; sourceTree = "<group>"; };
		E1D0AA3B29CDEE5800B8A8AD /* CategoriesResponseDto.swift */ = {isa = PBXFileReference; fileEncoding = 4; lastKnownFileType = sourcecode.swift; path = CategoriesResponseDto.swift; sourceTree = "<group>"; };
		E1D0AA3C29CDEE5800B8A8AD /* CategoryDto.swift */ = {isa = PBXFileReference; fileEncoding = 4; lastKnownFileType = sourcecode.swift; path = CategoryDto.swift; sourceTree = "<group>"; };
		E1D0AA3F29CE34B600B8A8AD /* CategoryCell.swift */ = {isa = PBXFileReference; lastKnownFileType = sourcecode.swift; path = CategoryCell.swift; sourceTree = "<group>"; };
		E1D0AA4129CE3C0100B8A8AD /* CategoryViewController.swift */ = {isa = PBXFileReference; lastKnownFileType = sourcecode.swift; path = CategoryViewController.swift; sourceTree = "<group>"; };
		E1F9423D29C8B5FC0082BA11 /* Trivia.app */ = {isa = PBXFileReference; explicitFileType = wrapper.application; includeInIndex = 0; path = Trivia.app; sourceTree = BUILT_PRODUCTS_DIR; };
		E1F9424029C8B5FC0082BA11 /* AppDelegate.swift */ = {isa = PBXFileReference; lastKnownFileType = sourcecode.swift; path = AppDelegate.swift; sourceTree = "<group>"; };
		E1F9424229C8B5FC0082BA11 /* SceneDelegate.swift */ = {isa = PBXFileReference; lastKnownFileType = sourcecode.swift; path = SceneDelegate.swift; sourceTree = "<group>"; };
		E1F9424429C8B5FC0082BA11 /* MainViewController.swift */ = {isa = PBXFileReference; lastKnownFileType = sourcecode.swift; path = MainViewController.swift; sourceTree = "<group>"; };
		E1F9424929C8B5FF0082BA11 /* Assets.xcassets */ = {isa = PBXFileReference; lastKnownFileType = folder.assetcatalog; path = Assets.xcassets; sourceTree = "<group>"; };
		E1F9424C29C8B5FF0082BA11 /* Base */ = {isa = PBXFileReference; lastKnownFileType = file.storyboard; name = Base; path = Base.lproj/LaunchScreen.storyboard; sourceTree = "<group>"; };
		E1F9424E29C8B5FF0082BA11 /* Info.plist */ = {isa = PBXFileReference; lastKnownFileType = text.plist.xml; path = Info.plist; sourceTree = "<group>"; };
		E1F9425329C8B6000082BA11 /* TriviaTests.xctest */ = {isa = PBXFileReference; explicitFileType = wrapper.cfbundle; includeInIndex = 0; path = TriviaTests.xctest; sourceTree = BUILT_PRODUCTS_DIR; };
		E1F9425729C8B6000082BA11 /* TriviaTests.swift */ = {isa = PBXFileReference; lastKnownFileType = sourcecode.swift; path = TriviaTests.swift; sourceTree = "<group>"; };
		E1F9425D29C8B6000082BA11 /* TriviaUITests.xctest */ = {isa = PBXFileReference; explicitFileType = wrapper.cfbundle; includeInIndex = 0; path = TriviaUITests.xctest; sourceTree = BUILT_PRODUCTS_DIR; };
		E1F9426129C8B6000082BA11 /* TriviaUITests.swift */ = {isa = PBXFileReference; lastKnownFileType = sourcecode.swift; path = TriviaUITests.swift; sourceTree = "<group>"; };
		E1F9426329C8B6000082BA11 /* TriviaUITestsLaunchTests.swift */ = {isa = PBXFileReference; lastKnownFileType = sourcecode.swift; path = TriviaUITestsLaunchTests.swift; sourceTree = "<group>"; };
		E1F9427029C8C6560082BA11 /* QuestionViewController.swift */ = {isa = PBXFileReference; lastKnownFileType = sourcecode.swift; path = QuestionViewController.swift; sourceTree = "<group>"; };
		E1F9427429C8C92D0082BA11 /* AnswerButton.swift */ = {isa = PBXFileReference; lastKnownFileType = sourcecode.swift; path = AnswerButton.swift; sourceTree = "<group>"; };
		E1F9427629C8D5D60082BA11 /* Constants.swift */ = {isa = PBXFileReference; lastKnownFileType = sourcecode.swift; path = Constants.swift; sourceTree = "<group>"; };
		E1F9427929C8EE3A0082BA11 /* Question.swift */ = {isa = PBXFileReference; lastKnownFileType = sourcecode.swift; path = Question.swift; sourceTree = "<group>"; };
		E1F9427B29C8EFC60082BA11 /* TriviaSession.swift */ = {isa = PBXFileReference; lastKnownFileType = sourcecode.swift; path = TriviaSession.swift; sourceTree = "<group>"; };
		E1F9427D29C8F20A0082BA11 /* CapsuleButton.swift */ = {isa = PBXFileReference; lastKnownFileType = sourcecode.swift; path = CapsuleButton.swift; sourceTree = "<group>"; };
		E1F9427F29C9E8330082BA11 /* ResultsViewController.swift */ = {isa = PBXFileReference; lastKnownFileType = sourcecode.swift; path = ResultsViewController.swift; sourceTree = "<group>"; };
		E1F9428229C9F1290082BA11 /* ResultsDetailView.swift */ = {isa = PBXFileReference; lastKnownFileType = sourcecode.swift; path = ResultsDetailView.swift; sourceTree = "<group>"; };
		E1F9428529CA0CA10082BA11 /* UILabel+Util.swift */ = {isa = PBXFileReference; lastKnownFileType = sourcecode.swift; path = "UILabel+Util.swift"; sourceTree = "<group>"; };
		E1F9428829CA1EE90082BA11 /* TriviaService.swift */ = {isa = PBXFileReference; lastKnownFileType = sourcecode.swift; path = TriviaService.swift; sourceTree = "<group>"; };
		E1F9428A29CA25310082BA11 /* QuestionUtil.swift */ = {isa = PBXFileReference; lastKnownFileType = sourcecode.swift; path = QuestionUtil.swift; sourceTree = "<group>"; };
		E1F9428D29CA37CF0082BA11 /* QuestionDto.swift */ = {isa = PBXFileReference; lastKnownFileType = sourcecode.swift; path = QuestionDto.swift; sourceTree = "<group>"; };
		E1F9428F29CA382C0082BA11 /* QuestionsResponseDto.swift */ = {isa = PBXFileReference; lastKnownFileType = sourcecode.swift; path = QuestionsResponseDto.swift; sourceTree = "<group>"; };
/* End PBXFileReference section */

/* Begin PBXFrameworksBuildPhase section */
		E1F9423A29C8B5FC0082BA11 /* Frameworks */ = {
			isa = PBXFrameworksBuildPhase;
			buildActionMask = 2147483647;
			files = (
			);
			runOnlyForDeploymentPostprocessing = 0;
		};
		E1F9425029C8B6000082BA11 /* Frameworks */ = {
			isa = PBXFrameworksBuildPhase;
			buildActionMask = 2147483647;
			files = (
			);
			runOnlyForDeploymentPostprocessing = 0;
		};
		E1F9425A29C8B6000082BA11 /* Frameworks */ = {
			isa = PBXFrameworksBuildPhase;
			buildActionMask = 2147483647;
			files = (
			);
			runOnlyForDeploymentPostprocessing = 0;
		};
/* End PBXFrameworksBuildPhase section */

/* Begin PBXGroup section */
		E1D0AA4329CE3C0700B8A8AD /* Categories */ = {
			isa = PBXGroup;
			children = (
				E1D0AA4129CE3C0100B8A8AD /* CategoryViewController.swift */,
				E1D0AA3F29CE34B600B8A8AD /* CategoryCell.swift */,
			);
			path = Categories;
			sourceTree = "<group>";
		};
		E1F9423429C8B5FC0082BA11 = {
			isa = PBXGroup;
			children = (
				E1F9423F29C8B5FC0082BA11 /* Trivia */,
				E1F9425629C8B6000082BA11 /* TriviaTests */,
				E1F9426029C8B6000082BA11 /* TriviaUITests */,
				E1F9423E29C8B5FC0082BA11 /* Products */,
			);
			sourceTree = "<group>";
		};
		E1F9423E29C8B5FC0082BA11 /* Products */ = {
			isa = PBXGroup;
			children = (
				E1F9423D29C8B5FC0082BA11 /* Trivia.app */,
				E1F9425329C8B6000082BA11 /* TriviaTests.xctest */,
				E1F9425D29C8B6000082BA11 /* TriviaUITests.xctest */,
			);
			name = Products;
			sourceTree = "<group>";
		};
		E1F9423F29C8B5FC0082BA11 /* Trivia */ = {
			isa = PBXGroup;
			children = (
				E1F9428729CA1ED80082BA11 /* Networking */,
				E1F9427829C8EE2A0082BA11 /* Model */,
				E1F9427229C8C8F40082BA11 /* UI */,
				E1F9428429CA0C8D0082BA11 /* Util */,
				E1F9424029C8B5FC0082BA11 /* AppDelegate.swift */,
				E1F9424229C8B5FC0082BA11 /* SceneDelegate.swift */,
				E1F9424929C8B5FF0082BA11 /* Assets.xcassets */,
				E1F9424B29C8B5FF0082BA11 /* LaunchScreen.storyboard */,
				E1F9424E29C8B5FF0082BA11 /* Info.plist */,
			);
			path = Trivia;
			sourceTree = "<group>";
		};
		E1F9425629C8B6000082BA11 /* TriviaTests */ = {
			isa = PBXGroup;
			children = (
				E1F9425729C8B6000082BA11 /* TriviaTests.swift */,
			);
			path = TriviaTests;
			sourceTree = "<group>";
		};
		E1F9426029C8B6000082BA11 /* TriviaUITests */ = {
			isa = PBXGroup;
			children = (
				E1F9426129C8B6000082BA11 /* TriviaUITests.swift */,
				E1F9426329C8B6000082BA11 /* TriviaUITestsLaunchTests.swift */,
			);
			path = TriviaUITests;
			sourceTree = "<group>";
		};
		E1F9427229C8C8F40082BA11 /* UI */ = {
			isa = PBXGroup;
			children = (
				E1D0AA3329CDC88100B8A8AD /* LoadingViewController.swift */,
				E1F9424429C8B5FC0082BA11 /* MainViewController.swift */,
				E1D0AA4329CE3C0700B8A8AD /* Categories */,
				E1F9427329C8C9010082BA11 /* Questions */,
				E1F9428129C9F1090082BA11 /* Results */,
				E1F9427629C8D5D60082BA11 /* Constants.swift */,
			);
			path = UI;
			sourceTree = "<group>";
		};
		E1F9427329C8C9010082BA11 /* Questions */ = {
			isa = PBXGroup;
			children = (
				E1F9427029C8C6560082BA11 /* QuestionViewController.swift */,
				E1F9427429C8C92D0082BA11 /* AnswerButton.swift */,
				E1F9427D29C8F20A0082BA11 /* CapsuleButton.swift */,
			);
			path = Questions;
			sourceTree = "<group>";
		};
		E1F9427829C8EE2A0082BA11 /* Model */ = {
			isa = PBXGroup;
			children = (
				E1F9428C29CA37B90082BA11 /* Remote */,
				E1F9427929C8EE3A0082BA11 /* Question.swift */,
				E1F9427B29C8EFC60082BA11 /* TriviaSession.swift */,
			);
			path = Model;
			sourceTree = "<group>";
		};
		E1F9428129C9F1090082BA11 /* Results */ = {
			isa = PBXGroup;
			children = (
				E1F9427F29C9E8330082BA11 /* ResultsViewController.swift */,
				E1F9428229C9F1290082BA11 /* ResultsDetailView.swift */,
			);
			path = Results;
			sourceTree = "<group>";
		};
		E1F9428429CA0C8D0082BA11 /* Util */ = {
			isa = PBXGroup;
			children = (
				E1F9428529CA0CA10082BA11 /* UILabel+Util.swift */,
				E1D0AA3929CDE1C300B8A8AD /* UIViewController+Util.swift */,
				E1F9428A29CA25310082BA11 /* QuestionUtil.swift */,
			);
			path = Util;
			sourceTree = "<group>";
		};
		E1F9428729CA1ED80082BA11 /* Networking */ = {
			isa = PBXGroup;
			children = (
				E1F9428829CA1EE90082BA11 /* TriviaService.swift */,
			);
			path = Networking;
			sourceTree = "<group>";
		};
		E1F9428C29CA37B90082BA11 /* Remote */ = {
			isa = PBXGroup;
			children = (
				E1D0AA3B29CDEE5800B8A8AD /* CategoriesResponseDto.swift */,
				E1D0AA3C29CDEE5800B8A8AD /* CategoryDto.swift */,
				E1F9428D29CA37CF0082BA11 /* QuestionDto.swift */,
				E1F9428F29CA382C0082BA11 /* QuestionsResponseDto.swift */,
			);
			path = Remote;
			sourceTree = "<group>";
		};
/* End PBXGroup section */

/* Begin PBXNativeTarget section */
		E1F9423C29C8B5FC0082BA11 /* Trivia */ = {
			isa = PBXNativeTarget;
			buildConfigurationList = E1F9426729C8B6000082BA11 /* Build configuration list for PBXNativeTarget "Trivia" */;
			buildPhases = (
				E1F9423929C8B5FC0082BA11 /* Sources */,
				E1F9423A29C8B5FC0082BA11 /* Frameworks */,
				E1F9423B29C8B5FC0082BA11 /* Resources */,
			);
			buildRules = (
			);
			dependencies = (
			);
			name = Trivia;
			productName = Trivia;
			productReference = E1F9423D29C8B5FC0082BA11 /* Trivia.app */;
			productType = "com.apple.product-type.application";
		};
		E1F9425229C8B6000082BA11 /* TriviaTests */ = {
			isa = PBXNativeTarget;
			buildConfigurationList = E1F9426A29C8B6000082BA11 /* Build configuration list for PBXNativeTarget "TriviaTests" */;
			buildPhases = (
				E1F9424F29C8B6000082BA11 /* Sources */,
				E1F9425029C8B6000082BA11 /* Frameworks */,
				E1F9425129C8B6000082BA11 /* Resources */,
			);
			buildRules = (
			);
			dependencies = (
				E1F9425529C8B6000082BA11 /* PBXTargetDependency */,
			);
			name = TriviaTests;
			productName = TriviaTests;
			productReference = E1F9425329C8B6000082BA11 /* TriviaTests.xctest */;
			productType = "com.apple.product-type.bundle.unit-test";
		};
		E1F9425C29C8B6000082BA11 /* TriviaUITests */ = {
			isa = PBXNativeTarget;
			buildConfigurationList = E1F9426D29C8B6000082BA11 /* Build configuration list for PBXNativeTarget "TriviaUITests" */;
			buildPhases = (
				E1F9425929C8B6000082BA11 /* Sources */,
				E1F9425A29C8B6000082BA11 /* Frameworks */,
				E1F9425B29C8B6000082BA11 /* Resources */,
			);
			buildRules = (
			);
			dependencies = (
				E1F9425F29C8B6000082BA11 /* PBXTargetDependency */,
			);
			name = TriviaUITests;
			productName = TriviaUITests;
			productReference = E1F9425D29C8B6000082BA11 /* TriviaUITests.xctest */;
			productType = "com.apple.product-type.bundle.ui-testing";
		};
/* End PBXNativeTarget section */

/* Begin PBXProject section */
		E1F9423529C8B5FC0082BA11 /* Project object */ = {
			isa = PBXProject;
			attributes = {
				BuildIndependentTargetsInParallel = 1;
				LastSwiftUpdateCheck = 1410;
				LastUpgradeCheck = 1410;
				TargetAttributes = {
					E1F9423C29C8B5FC0082BA11 = {
						CreatedOnToolsVersion = 14.1;
					};
					E1F9425229C8B6000082BA11 = {
						CreatedOnToolsVersion = 14.1;
						TestTargetID = E1F9423C29C8B5FC0082BA11;
					};
					E1F9425C29C8B6000082BA11 = {
						CreatedOnToolsVersion = 14.1;
						TestTargetID = E1F9423C29C8B5FC0082BA11;
					};
				};
			};
			buildConfigurationList = E1F9423829C8B5FC0082BA11 /* Build configuration list for PBXProject "Trivia" */;
			compatibilityVersion = "Xcode 14.0";
			developmentRegion = en;
			hasScannedForEncodings = 0;
			knownRegions = (
				en,
				Base,
			);
			mainGroup = E1F9423429C8B5FC0082BA11;
			productRefGroup = E1F9423E29C8B5FC0082BA11 /* Products */;
			projectDirPath = "";
			projectRoot = "";
			targets = (
				E1F9423C29C8B5FC0082BA11 /* Trivia */,
				E1F9425229C8B6000082BA11 /* TriviaTests */,
				E1F9425C29C8B6000082BA11 /* TriviaUITests */,
			);
		};
/* End PBXProject section */

/* Begin PBXResourcesBuildPhase section */
		E1F9423B29C8B5FC0082BA11 /* Resources */ = {
			isa = PBXResourcesBuildPhase;
			buildActionMask = 2147483647;
			files = (
				E1F9424D29C8B5FF0082BA11 /* LaunchScreen.storyboard in Resources */,
				E1F9424A29C8B5FF0082BA11 /* Assets.xcassets in Resources */,
			);
			runOnlyForDeploymentPostprocessing = 0;
		};
		E1F9425129C8B6000082BA11 /* Resources */ = {
			isa = PBXResourcesBuildPhase;
			buildActionMask = 2147483647;
			files = (
			);
			runOnlyForDeploymentPostprocessing = 0;
		};
		E1F9425B29C8B6000082BA11 /* Resources */ = {
			isa = PBXResourcesBuildPhase;
			buildActionMask = 2147483647;
			files = (
			);
			runOnlyForDeploymentPostprocessing = 0;
		};
/* End PBXResourcesBuildPhase section */

/* Begin PBXSourcesBuildPhase section */
		E1F9423929C8B5FC0082BA11 /* Sources */ = {
			isa = PBXSourcesBuildPhase;
			buildActionMask = 2147483647;
			files = (
				E1D0AA3A29CDE1C300B8A8AD /* UIViewController+Util.swift in Sources */,
				E1F9427529C8C92D0082BA11 /* AnswerButton.swift in Sources */,
				E1F9427C29C8EFC60082BA11 /* TriviaSession.swift in Sources */,
				E1F9424529C8B5FC0082BA11 /* MainViewController.swift in Sources */,
				E1F9428B29CA25310082BA11 /* QuestionUtil.swift in Sources */,
				E1D0AA3E29CDEE5800B8A8AD /* CategoryDto.swift in Sources */,
				E1F9428929CA1EE90082BA11 /* TriviaService.swift in Sources */,
				E1F9427E29C8F20A0082BA11 /* CapsuleButton.swift in Sources */,
				E1F9429029CA382C0082BA11 /* QuestionsResponseDto.swift in Sources */,
				E1F9428629CA0CA10082BA11 /* UILabel+Util.swift in Sources */,
				E1F9424129C8B5FC0082BA11 /* AppDelegate.swift in Sources */,
				E1D0AA3429CDC88100B8A8AD /* LoadingViewController.swift in Sources */,
				E1F9428029C9E8330082BA11 /* ResultsViewController.swift in Sources */,
				E1F9428E29CA37CF0082BA11 /* QuestionDto.swift in Sources */,
				E1F9427129C8C6560082BA11 /* QuestionViewController.swift in Sources */,
				E1F9428329C9F1290082BA11 /* ResultsDetailView.swift in Sources */,
				E1F9424329C8B5FC0082BA11 /* SceneDelegate.swift in Sources */,
				E1D0AA4029CE34B600B8A8AD /* CategoryCell.swift in Sources */,
				E1F9427A29C8EE3A0082BA11 /* Question.swift in Sources */,
				E1F9427729C8D5D60082BA11 /* Constants.swift in Sources */,
				E1D0AA4229CE3C0100B8A8AD /* CategoryViewController.swift in Sources */,
				E1D0AA3D29CDEE5800B8A8AD /* CategoriesResponseDto.swift in Sources */,
			);
			runOnlyForDeploymentPostprocessing = 0;
		};
		E1F9424F29C8B6000082BA11 /* Sources */ = {
			isa = PBXSourcesBuildPhase;
			buildActionMask = 2147483647;
			files = (
				E1F9425829C8B6000082BA11 /* TriviaTests.swift in Sources */,
			);
			runOnlyForDeploymentPostprocessing = 0;
		};
		E1F9425929C8B6000082BA11 /* Sources */ = {
			isa = PBXSourcesBuildPhase;
			buildActionMask = 2147483647;
			files = (
				E1F9426229C8B6000082BA11 /* TriviaUITests.swift in Sources */,
				E1F9426429C8B6000082BA11 /* TriviaUITestsLaunchTests.swift in Sources */,
			);
			runOnlyForDeploymentPostprocessing = 0;
		};
/* End PBXSourcesBuildPhase section */

/* Begin PBXTargetDependency section */
		E1F9425529C8B6000082BA11 /* PBXTargetDependency */ = {
			isa = PBXTargetDependency;
			target = E1F9423C29C8B5FC0082BA11 /* Trivia */;
			targetProxy = E1F9425429C8B6000082BA11 /* PBXContainerItemProxy */;
		};
		E1F9425F29C8B6000082BA11 /* PBXTargetDependency */ = {
			isa = PBXTargetDependency;
			target = E1F9423C29C8B5FC0082BA11 /* Trivia */;
			targetProxy = E1F9425E29C8B6000082BA11 /* PBXContainerItemProxy */;
		};
/* End PBXTargetDependency section */

/* Begin PBXVariantGroup section */
		E1F9424B29C8B5FF0082BA11 /* LaunchScreen.storyboard */ = {
			isa = PBXVariantGroup;
			children = (
				E1F9424C29C8B5FF0082BA11 /* Base */,
			);
			name = LaunchScreen.storyboard;
			sourceTree = "<group>";
		};
/* End PBXVariantGroup section */

/* Begin XCBuildConfiguration section */
		E1F9426529C8B6000082BA11 /* Debug */ = {
			isa = XCBuildConfiguration;
			buildSettings = {
				ALWAYS_SEARCH_USER_PATHS = NO;
				CLANG_ANALYZER_NONNULL = YES;
				CLANG_ANALYZER_NUMBER_OBJECT_CONVERSION = YES_AGGRESSIVE;
				CLANG_CXX_LANGUAGE_STANDARD = "gnu++20";
				CLANG_ENABLE_MODULES = YES;
				CLANG_ENABLE_OBJC_ARC = YES;
				CLANG_ENABLE_OBJC_WEAK = YES;
				CLANG_WARN_BLOCK_CAPTURE_AUTORELEASING = YES;
				CLANG_WARN_BOOL_CONVERSION = YES;
				CLANG_WARN_COMMA = YES;
				CLANG_WARN_CONSTANT_CONVERSION = YES;
				CLANG_WARN_DEPRECATED_OBJC_IMPLEMENTATIONS = YES;
				CLANG_WARN_DIRECT_OBJC_ISA_USAGE = YES_ERROR;
				CLANG_WARN_DOCUMENTATION_COMMENTS = YES;
				CLANG_WARN_EMPTY_BODY = YES;
				CLANG_WARN_ENUM_CONVERSION = YES;
				CLANG_WARN_INFINITE_RECURSION = YES;
				CLANG_WARN_INT_CONVERSION = YES;
				CLANG_WARN_NON_LITERAL_NULL_CONVERSION = YES;
				CLANG_WARN_OBJC_IMPLICIT_RETAIN_SELF = YES;
				CLANG_WARN_OBJC_LITERAL_CONVERSION = YES;
				CLANG_WARN_OBJC_ROOT_CLASS = YES_ERROR;
				CLANG_WARN_QUOTED_INCLUDE_IN_FRAMEWORK_HEADER = YES;
				CLANG_WARN_RANGE_LOOP_ANALYSIS = YES;
				CLANG_WARN_STRICT_PROTOTYPES = YES;
				CLANG_WARN_SUSPICIOUS_MOVE = YES;
				CLANG_WARN_UNGUARDED_AVAILABILITY = YES_AGGRESSIVE;
				CLANG_WARN_UNREACHABLE_CODE = YES;
				CLANG_WARN__DUPLICATE_METHOD_MATCH = YES;
				COPY_PHASE_STRIP = NO;
				DEBUG_INFORMATION_FORMAT = dwarf;
				ENABLE_STRICT_OBJC_MSGSEND = YES;
				ENABLE_TESTABILITY = YES;
				GCC_C_LANGUAGE_STANDARD = gnu11;
				GCC_DYNAMIC_NO_PIC = NO;
				GCC_NO_COMMON_BLOCKS = YES;
				GCC_OPTIMIZATION_LEVEL = 0;
				GCC_PREPROCESSOR_DEFINITIONS = (
					"DEBUG=1",
					"$(inherited)",
				);
				GCC_WARN_64_TO_32_BIT_CONVERSION = YES;
				GCC_WARN_ABOUT_RETURN_TYPE = YES_ERROR;
				GCC_WARN_UNDECLARED_SELECTOR = YES;
				GCC_WARN_UNINITIALIZED_AUTOS = YES_AGGRESSIVE;
				GCC_WARN_UNUSED_FUNCTION = YES;
				GCC_WARN_UNUSED_VARIABLE = YES;
				IPHONEOS_DEPLOYMENT_TARGET = 16.1;
				MTL_ENABLE_DEBUG_INFO = INCLUDE_SOURCE;
				MTL_FAST_MATH = YES;
				ONLY_ACTIVE_ARCH = YES;
				SDKROOT = iphoneos;
				SWIFT_ACTIVE_COMPILATION_CONDITIONS = DEBUG;
				SWIFT_OPTIMIZATION_LEVEL = "-Onone";
			};
			name = Debug;
		};
		E1F9426629C8B6000082BA11 /* Release */ = {
			isa = XCBuildConfiguration;
			buildSettings = {
				ALWAYS_SEARCH_USER_PATHS = NO;
				CLANG_ANALYZER_NONNULL = YES;
				CLANG_ANALYZER_NUMBER_OBJECT_CONVERSION = YES_AGGRESSIVE;
				CLANG_CXX_LANGUAGE_STANDARD = "gnu++20";
				CLANG_ENABLE_MODULES = YES;
				CLANG_ENABLE_OBJC_ARC = YES;
				CLANG_ENABLE_OBJC_WEAK = YES;
				CLANG_WARN_BLOCK_CAPTURE_AUTORELEASING = YES;
				CLANG_WARN_BOOL_CONVERSION = YES;
				CLANG_WARN_COMMA = YES;
				CLANG_WARN_CONSTANT_CONVERSION = YES;
				CLANG_WARN_DEPRECATED_OBJC_IMPLEMENTATIONS = YES;
				CLANG_WARN_DIRECT_OBJC_ISA_USAGE = YES_ERROR;
				CLANG_WARN_DOCUMENTATION_COMMENTS = YES;
				CLANG_WARN_EMPTY_BODY = YES;
				CLANG_WARN_ENUM_CONVERSION = YES;
				CLANG_WARN_INFINITE_RECURSION = YES;
				CLANG_WARN_INT_CONVERSION = YES;
				CLANG_WARN_NON_LITERAL_NULL_CONVERSION = YES;
				CLANG_WARN_OBJC_IMPLICIT_RETAIN_SELF = YES;
				CLANG_WARN_OBJC_LITERAL_CONVERSION = YES;
				CLANG_WARN_OBJC_ROOT_CLASS = YES_ERROR;
				CLANG_WARN_QUOTED_INCLUDE_IN_FRAMEWORK_HEADER = YES;
				CLANG_WARN_RANGE_LOOP_ANALYSIS = YES;
				CLANG_WARN_STRICT_PROTOTYPES = YES;
				CLANG_WARN_SUSPICIOUS_MOVE = YES;
				CLANG_WARN_UNGUARDED_AVAILABILITY = YES_AGGRESSIVE;
				CLANG_WARN_UNREACHABLE_CODE = YES;
				CLANG_WARN__DUPLICATE_METHOD_MATCH = YES;
				COPY_PHASE_STRIP = NO;
				DEBUG_INFORMATION_FORMAT = "dwarf-with-dsym";
				ENABLE_NS_ASSERTIONS = NO;
				ENABLE_STRICT_OBJC_MSGSEND = YES;
				GCC_C_LANGUAGE_STANDARD = gnu11;
				GCC_NO_COMMON_BLOCKS = YES;
				GCC_WARN_64_TO_32_BIT_CONVERSION = YES;
				GCC_WARN_ABOUT_RETURN_TYPE = YES_ERROR;
				GCC_WARN_UNDECLARED_SELECTOR = YES;
				GCC_WARN_UNINITIALIZED_AUTOS = YES_AGGRESSIVE;
				GCC_WARN_UNUSED_FUNCTION = YES;
				GCC_WARN_UNUSED_VARIABLE = YES;
				IPHONEOS_DEPLOYMENT_TARGET = 16.1;
				MTL_ENABLE_DEBUG_INFO = NO;
				MTL_FAST_MATH = YES;
				SDKROOT = iphoneos;
				SWIFT_COMPILATION_MODE = wholemodule;
				SWIFT_OPTIMIZATION_LEVEL = "-O";
				VALIDATE_PRODUCT = YES;
			};
			name = Release;
		};
		E1F9426829C8B6000082BA11 /* Debug */ = {
			isa = XCBuildConfiguration;
			buildSettings = {
				ASSETCATALOG_COMPILER_APPICON_NAME = AppIcon;
				ASSETCATALOG_COMPILER_GLOBAL_ACCENT_COLOR_NAME = AccentColor;
				CODE_SIGN_STYLE = Automatic;
				CURRENT_PROJECT_VERSION = 1;
				DEVELOPMENT_TEAM = 6MK786DG5L;
				GENERATE_INFOPLIST_FILE = YES;
				INFOPLIST_FILE = Trivia/Info.plist;
				INFOPLIST_KEY_UIApplicationSupportsIndirectInputEvents = YES;
				INFOPLIST_KEY_UILaunchStoryboardName = LaunchScreen;
				INFOPLIST_KEY_UIMainStoryboardFile = "";
				INFOPLIST_KEY_UISupportedInterfaceOrientations_iPad = "UIInterfaceOrientationPortrait UIInterfaceOrientationPortraitUpsideDown UIInterfaceOrientationLandscapeLeft UIInterfaceOrientationLandscapeRight";
				INFOPLIST_KEY_UISupportedInterfaceOrientations_iPhone = "UIInterfaceOrientationPortrait UIInterfaceOrientationLandscapeLeft UIInterfaceOrientationLandscapeRight";
				LD_RUNPATH_SEARCH_PATHS = (
					"$(inherited)",
					"@executable_path/Frameworks",
				);
				MARKETING_VERSION = 1.0;
				PRODUCT_BUNDLE_IDENTIFIER = com.brittanypinder.Trivia;
				PRODUCT_NAME = "$(TARGET_NAME)";
				SWIFT_EMIT_LOC_STRINGS = YES;
				SWIFT_VERSION = 5.0;
				TARGETED_DEVICE_FAMILY = "1,2";
			};
			name = Debug;
		};
		E1F9426929C8B6000082BA11 /* Release */ = {
			isa = XCBuildConfiguration;
			buildSettings = {
				ASSETCATALOG_COMPILER_APPICON_NAME = AppIcon;
				ASSETCATALOG_COMPILER_GLOBAL_ACCENT_COLOR_NAME = AccentColor;
				CODE_SIGN_STYLE = Automatic;
				CURRENT_PROJECT_VERSION = 1;
				DEVELOPMENT_TEAM = 6MK786DG5L;
				GENERATE_INFOPLIST_FILE = YES;
				INFOPLIST_FILE = Trivia/Info.plist;
				INFOPLIST_KEY_UIApplicationSupportsIndirectInputEvents = YES;
				INFOPLIST_KEY_UILaunchStoryboardName = LaunchScreen;
				INFOPLIST_KEY_UIMainStoryboardFile = "";
				INFOPLIST_KEY_UISupportedInterfaceOrientations_iPad = "UIInterfaceOrientationPortrait UIInterfaceOrientationPortraitUpsideDown UIInterfaceOrientationLandscapeLeft UIInterfaceOrientationLandscapeRight";
				INFOPLIST_KEY_UISupportedInterfaceOrientations_iPhone = "UIInterfaceOrientationPortrait UIInterfaceOrientationLandscapeLeft UIInterfaceOrientationLandscapeRight";
				LD_RUNPATH_SEARCH_PATHS = (
					"$(inherited)",
					"@executable_path/Frameworks",
				);
				MARKETING_VERSION = 1.0;
				PRODUCT_BUNDLE_IDENTIFIER = com.brittanypinder.Trivia;
				PRODUCT_NAME = "$(TARGET_NAME)";
				SWIFT_EMIT_LOC_STRINGS = YES;
				SWIFT_VERSION = 5.0;
				TARGETED_DEVICE_FAMILY = "1,2";
			};
			name = Release;
		};
		E1F9426B29C8B6000082BA11 /* Debug */ = {
			isa = XCBuildConfiguration;
			buildSettings = {
				ALWAYS_EMBED_SWIFT_STANDARD_LIBRARIES = YES;
				BUNDLE_LOADER = "$(TEST_HOST)";
				CODE_SIGN_STYLE = Automatic;
				CURRENT_PROJECT_VERSION = 1;
				DEVELOPMENT_TEAM = 6MK786DG5L;
				GENERATE_INFOPLIST_FILE = YES;
				IPHONEOS_DEPLOYMENT_TARGET = 16.1;
				MARKETING_VERSION = 1.0;
				PRODUCT_BUNDLE_IDENTIFIER = com.brittanypinder.TriviaTests;
				PRODUCT_NAME = "$(TARGET_NAME)";
				SWIFT_EMIT_LOC_STRINGS = NO;
				SWIFT_VERSION = 5.0;
				TARGETED_DEVICE_FAMILY = "1,2";
				TEST_HOST = "$(BUILT_PRODUCTS_DIR)/Trivia.app/$(BUNDLE_EXECUTABLE_FOLDER_PATH)/Trivia";
			};
			name = Debug;
		};
		E1F9426C29C8B6000082BA11 /* Release */ = {
			isa = XCBuildConfiguration;
			buildSettings = {
				ALWAYS_EMBED_SWIFT_STANDARD_LIBRARIES = YES;
				BUNDLE_LOADER = "$(TEST_HOST)";
				CODE_SIGN_STYLE = Automatic;
				CURRENT_PROJECT_VERSION = 1;
				DEVELOPMENT_TEAM = 6MK786DG5L;
				GENERATE_INFOPLIST_FILE = YES;
				IPHONEOS_DEPLOYMENT_TARGET = 16.1;
				MARKETING_VERSION = 1.0;
				PRODUCT_BUNDLE_IDENTIFIER = com.brittanypinder.TriviaTests;
				PRODUCT_NAME = "$(TARGET_NAME)";
				SWIFT_EMIT_LOC_STRINGS = NO;
				SWIFT_VERSION = 5.0;
				TARGETED_DEVICE_FAMILY = "1,2";
				TEST_HOST = "$(BUILT_PRODUCTS_DIR)/Trivia.app/$(BUNDLE_EXECUTABLE_FOLDER_PATH)/Trivia";
			};
			name = Release;
		};
		E1F9426E29C8B6000082BA11 /* Debug */ = {
			isa = XCBuildConfiguration;
			buildSettings = {
				ALWAYS_EMBED_SWIFT_STANDARD_LIBRARIES = YES;
				CODE_SIGN_STYLE = Automatic;
				CURRENT_PROJECT_VERSION = 1;
				DEVELOPMENT_TEAM = 6MK786DG5L;
				GENERATE_INFOPLIST_FILE = YES;
				MARKETING_VERSION = 1.0;
				PRODUCT_BUNDLE_IDENTIFIER = com.brittanypinder.TriviaUITests;
				PRODUCT_NAME = "$(TARGET_NAME)";
				SWIFT_EMIT_LOC_STRINGS = NO;
				SWIFT_VERSION = 5.0;
				TARGETED_DEVICE_FAMILY = "1,2";
				TEST_TARGET_NAME = Trivia;
			};
			name = Debug;
		};
		E1F9426F29C8B6000082BA11 /* Release */ = {
			isa = XCBuildConfiguration;
			buildSettings = {
				ALWAYS_EMBED_SWIFT_STANDARD_LIBRARIES = YES;
				CODE_SIGN_STYLE = Automatic;
				CURRENT_PROJECT_VERSION = 1;
				DEVELOPMENT_TEAM = 6MK786DG5L;
				GENERATE_INFOPLIST_FILE = YES;
				MARKETING_VERSION = 1.0;
				PRODUCT_BUNDLE_IDENTIFIER = com.brittanypinder.TriviaUITests;
				PRODUCT_NAME = "$(TARGET_NAME)";
				SWIFT_EMIT_LOC_STRINGS = NO;
				SWIFT_VERSION = 5.0;
				TARGETED_DEVICE_FAMILY = "1,2";
				TEST_TARGET_NAME = Trivia;
			};
			name = Release;
		};
/* End XCBuildConfiguration section */

/* Begin XCConfigurationList section */
		E1F9423829C8B5FC0082BA11 /* Build configuration list for PBXProject "Trivia" */ = {
			isa = XCConfigurationList;
			buildConfigurations = (
				E1F9426529C8B6000082BA11 /* Debug */,
				E1F9426629C8B6000082BA11 /* Release */,
			);
			defaultConfigurationIsVisible = 0;
			defaultConfigurationName = Release;
		};
		E1F9426729C8B6000082BA11 /* Build configuration list for PBXNativeTarget "Trivia" */ = {
			isa = XCConfigurationList;
			buildConfigurations = (
				E1F9426829C8B6000082BA11 /* Debug */,
				E1F9426929C8B6000082BA11 /* Release */,
			);
			defaultConfigurationIsVisible = 0;
			defaultConfigurationName = Release;
		};
		E1F9426A29C8B6000082BA11 /* Build configuration list for PBXNativeTarget "TriviaTests" */ = {
			isa = XCConfigurationList;
			buildConfigurations = (
				E1F9426B29C8B6000082BA11 /* Debug */,
				E1F9426C29C8B6000082BA11 /* Release */,
			);
			defaultConfigurationIsVisible = 0;
			defaultConfigurationName = Release;
		};
		E1F9426D29C8B6000082BA11 /* Build configuration list for PBXNativeTarget "TriviaUITests" */ = {
			isa = XCConfigurationList;
			buildConfigurations = (
				E1F9426E29C8B6000082BA11 /* Debug */,
				E1F9426F29C8B6000082BA11 /* Release */,
			);
			defaultConfigurationIsVisible = 0;
			defaultConfigurationName = Release;
		};
/* End XCConfigurationList section */
	};
	rootObject = E1F9423529C8B5FC0082BA11 /* Project object */;
}
